// !$*UTF8*$!
{
	archiveVersion = 1;
	classes = {
	};
	objectVersion = 46;
	objects = {

/* Begin PBXBuildFile section */
		4040A0501F2E9AAF00621DD5 /* Note.swift in Sources */ = {isa = PBXBuildFile; fileRef = 4040A04F1F2E9AAF00621DD5 /* Note.swift */; };
		4040A0581F2E9B8F00621DD5 /* Realm.framework in Frameworks */ = {isa = PBXBuildFile; fileRef = 4040A0571F2E9B8F00621DD5 /* Realm.framework */; };
		4040A05A1F2E9B9200621DD5 /* RealmSwift.framework in Frameworks */ = {isa = PBXBuildFile; fileRef = 4040A0591F2E9B9200621DD5 /* RealmSwift.framework */; };
		4048725B1F2E948F00AC229C /* EntityButton.swift in Sources */ = {isa = PBXBuildFile; fileRef = 404872561F2E948F00AC229C /* EntityButton.swift */; };
		4048725C1F2E948F00AC229C /* EntityView.swift in Sources */ = {isa = PBXBuildFile; fileRef = 404872571F2E948F00AC229C /* EntityView.swift */; };
		404872601F2E94FC00AC229C /* Main.storyboard in Resources */ = {isa = PBXBuildFile; fileRef = 4048725F1F2E94FC00AC229C /* Main.storyboard */; };
		404872641F2E953600AC229C /* HomeViewController.swift in Sources */ = {isa = PBXBuildFile; fileRef = 404872621F2E953600AC229C /* HomeViewController.swift */; };
		407D17BB1F2E9C2300B3BAAE /* RealmHelper.swift in Sources */ = {isa = PBXBuildFile; fileRef = 407D17BA1F2E9C2300B3BAAE /* RealmHelper.swift */; };
		407D17BD1F2E9CA600B3BAAE /* NotesViewController.swift in Sources */ = {isa = PBXBuildFile; fileRef = 407D17BC1F2E9CA600B3BAAE /* NotesViewController.swift */; };
		407D17BF1F2E9E9D00B3BAAE /* NotesCell.swift in Sources */ = {isa = PBXBuildFile; fileRef = 407D17BE1F2E9E9D00B3BAAE /* NotesCell.swift */; };
		407D17C11F2EA3DD00B3BAAE /* NoteStore.swift in Sources */ = {isa = PBXBuildFile; fileRef = 407D17C01F2EA3DD00B3BAAE /* NoteStore.swift */; };
		407D17C31F2EA48B00B3BAAE /* AddNotesViewController.swift in Sources */ = {isa = PBXBuildFile; fileRef = 407D17C21F2EA48B00B3BAAE /* AddNotesViewController.swift */; };
		407D17C51F2EAB7800B3BAAE /* PhotoTakingHelper.swift in Sources */ = {isa = PBXBuildFile; fileRef = 407D17C41F2EAB7800B3BAAE /* PhotoTakingHelper.swift */; };
		407D17C71F2EAC3600B3BAAE /* PhotosViewController.swift in Sources */ = {isa = PBXBuildFile; fileRef = 407D17C61F2EAC3600B3BAAE /* PhotosViewController.swift */; };
		407D17C91F2EAD6100B3BAAE /* Photo.swift in Sources */ = {isa = PBXBuildFile; fileRef = 407D17C81F2EAD6100B3BAAE /* Photo.swift */; };
		407D17CB1F2EADF600B3BAAE /* PhotoCell.swift in Sources */ = {isa = PBXBuildFile; fileRef = 407D17CA1F2EADF600B3BAAE /* PhotoCell.swift */; };
		408C53CF1F2DA2AC000E0214 /* AppDelegate.swift in Sources */ = {isa = PBXBuildFile; fileRef = 408C53CE1F2DA2AC000E0214 /* AppDelegate.swift */; };
		408C53D61F2DA2AC000E0214 /* Assets.xcassets in Resources */ = {isa = PBXBuildFile; fileRef = 408C53D51F2DA2AC000E0214 /* Assets.xcassets */; };
		408C53D91F2DA2AC000E0214 /* LaunchScreen.storyboard in Resources */ = {isa = PBXBuildFile; fileRef = 408C53D71F2DA2AC000E0214 /* LaunchScreen.storyboard */; };
		408C53E41F2DA2AC000E0214 /* SwamperTests.swift in Sources */ = {isa = PBXBuildFile; fileRef = 408C53E31F2DA2AC000E0214 /* SwamperTests.swift */; };
		408C53EF1F2DA2AC000E0214 /* SwamperUITests.swift in Sources */ = {isa = PBXBuildFile; fileRef = 408C53EE1F2DA2AC000E0214 /* SwamperUITests.swift */; };
		671AC098815A09088FF8D726 /* Pods_Swamper.framework in Frameworks */ = {isa = PBXBuildFile; fileRef = 29918A9AA7FD2017589EF95D /* Pods_Swamper.framework */; };
		76415EE12DCEE7C101987231 /* Pods_SwamperTests.framework in Frameworks */ = {isa = PBXBuildFile; fileRef = 38C9D06272FEC9403BA77F89 /* Pods_SwamperTests.framework */; };
		7BD3AA47BED113625F0AED12 /* Pods_SwamperUITests.framework in Frameworks */ = {isa = PBXBuildFile; fileRef = 54FC76E6F6C521BB3995BEBF /* Pods_SwamperUITests.framework */; };
/* End PBXBuildFile section */

/* Begin PBXContainerItemProxy section */
		408C53E01F2DA2AC000E0214 /* PBXContainerItemProxy */ = {
			isa = PBXContainerItemProxy;
			containerPortal = 408C53C31F2DA2AC000E0214 /* Project object */;
			proxyType = 1;
			remoteGlobalIDString = 408C53CA1F2DA2AC000E0214;
			remoteInfo = Swamper;
		};
		408C53EB1F2DA2AC000E0214 /* PBXContainerItemProxy */ = {
			isa = PBXContainerItemProxy;
			containerPortal = 408C53C31F2DA2AC000E0214 /* Project object */;
			proxyType = 1;
			remoteGlobalIDString = 408C53CA1F2DA2AC000E0214;
			remoteInfo = Swamper;
		};
/* End PBXContainerItemProxy section */

/* Begin PBXFileReference section */
		0988238374436FAC061E3BBC /* Pods-Swamper.release.xcconfig */ = {isa = PBXFileReference; includeInIndex = 1; lastKnownFileType = text.xcconfig; name = "Pods-Swamper.release.xcconfig"; path = "Pods/Target Support Files/Pods-Swamper/Pods-Swamper.release.xcconfig"; sourceTree = "<group>"; };
		29918A9AA7FD2017589EF95D /* Pods_Swamper.framework */ = {isa = PBXFileReference; explicitFileType = wrapper.framework; includeInIndex = 0; path = Pods_Swamper.framework; sourceTree = BUILT_PRODUCTS_DIR; };
		38C9D06272FEC9403BA77F89 /* Pods_SwamperTests.framework */ = {isa = PBXFileReference; explicitFileType = wrapper.framework; includeInIndex = 0; path = Pods_SwamperTests.framework; sourceTree = BUILT_PRODUCTS_DIR; };
		3C61BF620E90AAE777825E34 /* Pods-SwamperUITests.release.xcconfig */ = {isa = PBXFileReference; includeInIndex = 1; lastKnownFileType = text.xcconfig; name = "Pods-SwamperUITests.release.xcconfig"; path = "Pods/Target Support Files/Pods-SwamperUITests/Pods-SwamperUITests.release.xcconfig"; sourceTree = "<group>"; };
		4040A04F1F2E9AAF00621DD5 /* Note.swift */ = {isa = PBXFileReference; fileEncoding = 4; lastKnownFileType = sourcecode.swift; path = Note.swift; sourceTree = "<group>"; };
		4040A0511F2E9AD600621DD5 /* RealmSwift.framework */ = {isa = PBXFileReference; lastKnownFileType = wrapper.framework; name = RealmSwift.framework; path = "Pods/../build/Debug-iphoneos/RealmSwift/RealmSwift.framework"; sourceTree = "<group>"; };
		4040A0531F2E9ADA00621DD5 /* Realm.framework */ = {isa = PBXFileReference; lastKnownFileType = wrapper.framework; name = Realm.framework; path = "Pods/../build/Debug-iphoneos/Realm/Realm.framework"; sourceTree = "<group>"; };
		4040A0551F2E9B1900621DD5 /* Realm.framework */ = {isa = PBXFileReference; lastKnownFileType = wrapper.framework; name = Realm.framework; path = "Pods/../build/Debug-iphoneos/Realm/Realm.framework"; sourceTree = "<group>"; };
		4040A0571F2E9B8F00621DD5 /* Realm.framework */ = {isa = PBXFileReference; lastKnownFileType = wrapper.framework; name = Realm.framework; path = "Pods/../build/Debug-iphoneos/Realm/Realm.framework"; sourceTree = "<group>"; };
		4040A0591F2E9B9200621DD5 /* RealmSwift.framework */ = {isa = PBXFileReference; lastKnownFileType = wrapper.framework; name = RealmSwift.framework; path = "Pods/../build/Debug-iphoneos/RealmSwift/RealmSwift.framework"; sourceTree = "<group>"; };
		404872561F2E948F00AC229C /* EntityButton.swift */ = {isa = PBXFileReference; fileEncoding = 4; lastKnownFileType = sourcecode.swift; path = EntityButton.swift; sourceTree = "<group>"; };
		404872571F2E948F00AC229C /* EntityView.swift */ = {isa = PBXFileReference; fileEncoding = 4; lastKnownFileType = sourcecode.swift; path = EntityView.swift; sourceTree = "<group>"; };
		4048725F1F2E94FC00AC229C /* Main.storyboard */ = {isa = PBXFileReference; fileEncoding = 4; lastKnownFileType = file.storyboard; path = Main.storyboard; sourceTree = "<group>"; };
		404872621F2E953600AC229C /* HomeViewController.swift */ = {isa = PBXFileReference; fileEncoding = 4; lastKnownFileType = sourcecode.swift; path = HomeViewController.swift; sourceTree = "<group>"; };
		407D17BA1F2E9C2300B3BAAE /* RealmHelper.swift */ = {isa = PBXFileReference; fileEncoding = 4; lastKnownFileType = sourcecode.swift; path = RealmHelper.swift; sourceTree = "<group>"; };
		407D17BC1F2E9CA600B3BAAE /* NotesViewController.swift */ = {isa = PBXFileReference; fileEncoding = 4; lastKnownFileType = sourcecode.swift; path = NotesViewController.swift; sourceTree = "<group>"; };
		407D17BE1F2E9E9D00B3BAAE /* NotesCell.swift */ = {isa = PBXFileReference; fileEncoding = 4; lastKnownFileType = sourcecode.swift; path = NotesCell.swift; sourceTree = "<group>"; };
		407D17C01F2EA3DD00B3BAAE /* NoteStore.swift */ = {isa = PBXFileReference; fileEncoding = 4; lastKnownFileType = sourcecode.swift; path = NoteStore.swift; sourceTree = "<group>"; };
		407D17C21F2EA48B00B3BAAE /* AddNotesViewController.swift */ = {isa = PBXFileReference; fileEncoding = 4; lastKnownFileType = sourcecode.swift; path = AddNotesViewController.swift; sourceTree = "<group>"; };
		407D17C41F2EAB7800B3BAAE /* PhotoTakingHelper.swift */ = {isa = PBXFileReference; fileEncoding = 4; lastKnownFileType = sourcecode.swift; path = PhotoTakingHelper.swift; sourceTree = "<group>"; };
		407D17C61F2EAC3600B3BAAE /* PhotosViewController.swift */ = {isa = PBXFileReference; fileEncoding = 4; lastKnownFileType = sourcecode.swift; path = PhotosViewController.swift; sourceTree = "<group>"; };
		407D17C81F2EAD6100B3BAAE /* Photo.swift */ = {isa = PBXFileReference; fileEncoding = 4; lastKnownFileType = sourcecode.swift; path = Photo.swift; sourceTree = "<group>"; };
		407D17CA1F2EADF600B3BAAE /* PhotoCell.swift */ = {isa = PBXFileReference; fileEncoding = 4; lastKnownFileType = sourcecode.swift; path = PhotoCell.swift; sourceTree = "<group>"; };
		408C53CB1F2DA2AC000E0214 /* Swamper.app */ = {isa = PBXFileReference; explicitFileType = wrapper.application; includeInIndex = 0; path = Swamper.app; sourceTree = BUILT_PRODUCTS_DIR; };
		408C53CE1F2DA2AC000E0214 /* AppDelegate.swift */ = {isa = PBXFileReference; lastKnownFileType = sourcecode.swift; path = AppDelegate.swift; sourceTree = "<group>"; };
		408C53D51F2DA2AC000E0214 /* Assets.xcassets */ = {isa = PBXFileReference; lastKnownFileType = folder.assetcatalog; path = Assets.xcassets; sourceTree = "<group>"; };
		408C53D81F2DA2AC000E0214 /* Base */ = {isa = PBXFileReference; lastKnownFileType = file.storyboard; name = Base; path = Base.lproj/LaunchScreen.storyboard; sourceTree = "<group>"; };
		408C53DA1F2DA2AC000E0214 /* Info.plist */ = {isa = PBXFileReference; lastKnownFileType = text.plist.xml; path = Info.plist; sourceTree = "<group>"; };
		408C53DF1F2DA2AC000E0214 /* SwamperTests.xctest */ = {isa = PBXFileReference; explicitFileType = wrapper.cfbundle; includeInIndex = 0; path = SwamperTests.xctest; sourceTree = BUILT_PRODUCTS_DIR; };
		408C53E31F2DA2AC000E0214 /* SwamperTests.swift */ = {isa = PBXFileReference; lastKnownFileType = sourcecode.swift; path = SwamperTests.swift; sourceTree = "<group>"; };
		408C53E51F2DA2AC000E0214 /* Info.plist */ = {isa = PBXFileReference; lastKnownFileType = text.plist.xml; path = Info.plist; sourceTree = "<group>"; };
		408C53EA1F2DA2AC000E0214 /* SwamperUITests.xctest */ = {isa = PBXFileReference; explicitFileType = wrapper.cfbundle; includeInIndex = 0; path = SwamperUITests.xctest; sourceTree = BUILT_PRODUCTS_DIR; };
		408C53EE1F2DA2AC000E0214 /* SwamperUITests.swift */ = {isa = PBXFileReference; lastKnownFileType = sourcecode.swift; path = SwamperUITests.swift; sourceTree = "<group>"; };
		408C53F01F2DA2AC000E0214 /* Info.plist */ = {isa = PBXFileReference; lastKnownFileType = text.plist.xml; path = Info.plist; sourceTree = "<group>"; };
		4995E187CFFD7DE0753ED0F4 /* Pods-SwamperTests.debug.xcconfig */ = {isa = PBXFileReference; includeInIndex = 1; lastKnownFileType = text.xcconfig; name = "Pods-SwamperTests.debug.xcconfig"; path = "Pods/Target Support Files/Pods-SwamperTests/Pods-SwamperTests.debug.xcconfig"; sourceTree = "<group>"; };
		504A69CDED7EE5C87B807276 /* Pods-Swamper.debug.xcconfig */ = {isa = PBXFileReference; includeInIndex = 1; lastKnownFileType = text.xcconfig; name = "Pods-Swamper.debug.xcconfig"; path = "Pods/Target Support Files/Pods-Swamper/Pods-Swamper.debug.xcconfig"; sourceTree = "<group>"; };
		54FC76E6F6C521BB3995BEBF /* Pods_SwamperUITests.framework */ = {isa = PBXFileReference; explicitFileType = wrapper.framework; includeInIndex = 0; path = Pods_SwamperUITests.framework; sourceTree = BUILT_PRODUCTS_DIR; };
		7917771E886ADF3EF06EBAC7 /* Pods-SwamperTests.release.xcconfig */ = {isa = PBXFileReference; includeInIndex = 1; lastKnownFileType = text.xcconfig; name = "Pods-SwamperTests.release.xcconfig"; path = "Pods/Target Support Files/Pods-SwamperTests/Pods-SwamperTests.release.xcconfig"; sourceTree = "<group>"; };
		B4FFE91E81AF8E4687B5BB2D /* Pods-SwamperUITests.debug.xcconfig */ = {isa = PBXFileReference; includeInIndex = 1; lastKnownFileType = text.xcconfig; name = "Pods-SwamperUITests.debug.xcconfig"; path = "Pods/Target Support Files/Pods-SwamperUITests/Pods-SwamperUITests.debug.xcconfig"; sourceTree = "<group>"; };
/* End PBXFileReference section */

/* Begin PBXFrameworksBuildPhase section */
		408C53C81F2DA2AC000E0214 /* Frameworks */ = {
			isa = PBXFrameworksBuildPhase;
			buildActionMask = 2147483647;
			files = (
				4040A05A1F2E9B9200621DD5 /* RealmSwift.framework in Frameworks */,
				4040A0581F2E9B8F00621DD5 /* Realm.framework in Frameworks */,
				671AC098815A09088FF8D726 /* Pods_Swamper.framework in Frameworks */,
			);
			runOnlyForDeploymentPostprocessing = 0;
		};
		408C53DC1F2DA2AC000E0214 /* Frameworks */ = {
			isa = PBXFrameworksBuildPhase;
			buildActionMask = 2147483647;
			files = (
				76415EE12DCEE7C101987231 /* Pods_SwamperTests.framework in Frameworks */,
			);
			runOnlyForDeploymentPostprocessing = 0;
		};
		408C53E71F2DA2AC000E0214 /* Frameworks */ = {
			isa = PBXFrameworksBuildPhase;
			buildActionMask = 2147483647;
			files = (
				7BD3AA47BED113625F0AED12 /* Pods_SwamperUITests.framework in Frameworks */,
			);
			runOnlyForDeploymentPostprocessing = 0;
		};
/* End PBXFrameworksBuildPhase section */

/* Begin PBXGroup section */
		404872551F2E948F00AC229C /* CustomItems */ = {
			isa = PBXGroup;
			children = (
				404872561F2E948F00AC229C /* EntityButton.swift */,
				404872571F2E948F00AC229C /* EntityView.swift */,
			);
			path = CustomItems;
			sourceTree = "<group>";
		};
		404872581F2E948F00AC229C /* Helpers */ = {
			isa = PBXGroup;
			children = (
				407D17BA1F2E9C2300B3BAAE /* RealmHelper.swift */,
				407D17C41F2EAB7800B3BAAE /* PhotoTakingHelper.swift */,
			);
			path = Helpers;
			sourceTree = "<group>";
		};
		4048725D1F2E94DC00AC229C /* Supportingfiles */ = {
			isa = PBXGroup;
			children = (
				408C53CE1F2DA2AC000E0214 /* AppDelegate.swift */,
				408C53D51F2DA2AC000E0214 /* Assets.xcassets */,
				408C53D71F2DA2AC000E0214 /* LaunchScreen.storyboard */,
				408C53DA1F2DA2AC000E0214 /* Info.plist */,
			);
			name = Supportingfiles;
			sourceTree = "<group>";
		};
		4048725E1F2E94FC00AC229C /* Storyboards */ = {
			isa = PBXGroup;
			children = (
				4048725F1F2E94FC00AC229C /* Main.storyboard */,
			);
			path = Storyboards;
			sourceTree = "<group>";
		};
		404872611F2E953600AC229C /* Controllers */ = {
			isa = PBXGroup;
			children = (
				404872621F2E953600AC229C /* HomeViewController.swift */,
				407D17BC1F2E9CA600B3BAAE /* NotesViewController.swift */,
				407D17C21F2EA48B00B3BAAE /* AddNotesViewController.swift */,
				407D17C61F2EAC3600B3BAAE /* PhotosViewController.swift */,
			);
			path = Controllers;
			sourceTree = "<group>";
		};
		404872631F2E953600AC229C /* Views */ = {
			isa = PBXGroup;
			children = (
				407D17BE1F2E9E9D00B3BAAE /* NotesCell.swift */,
				407D17CA1F2EADF600B3BAAE /* PhotoCell.swift */,
			);
			path = Views;
			sourceTree = "<group>";
		};
		404872651F2E954100AC229C /* Models */ = {
			isa = PBXGroup;
			children = (
				4040A04F1F2E9AAF00621DD5 /* Note.swift */,
				407D17C01F2EA3DD00B3BAAE /* NoteStore.swift */,
				407D17C81F2EAD6100B3BAAE /* Photo.swift */,
			);
			path = Models;
			sourceTree = "<group>";
		};
		408C53C21F2DA2AC000E0214 = {
			isa = PBXGroup;
			children = (
				408C53CD1F2DA2AC000E0214 /* Swamper */,
				408C53E21F2DA2AC000E0214 /* SwamperTests */,
				408C53ED1F2DA2AC000E0214 /* SwamperUITests */,
				408C53CC1F2DA2AC000E0214 /* Products */,
				9ED17A5DD50219C5DB562A6F /* Pods */,
				7DA6A85AAF31339D8BC25E19 /* Frameworks */,
			);
			sourceTree = "<group>";
		};
		408C53CC1F2DA2AC000E0214 /* Products */ = {
			isa = PBXGroup;
			children = (
				408C53CB1F2DA2AC000E0214 /* Swamper.app */,
				408C53DF1F2DA2AC000E0214 /* SwamperTests.xctest */,
				408C53EA1F2DA2AC000E0214 /* SwamperUITests.xctest */,
			);
			name = Products;
			sourceTree = "<group>";
		};
		408C53CD1F2DA2AC000E0214 /* Swamper */ = {
			isa = PBXGroup;
			children = (
				404872651F2E954100AC229C /* Models */,
				404872611F2E953600AC229C /* Controllers */,
				404872631F2E953600AC229C /* Views */,
				4048725E1F2E94FC00AC229C /* Storyboards */,
				404872551F2E948F00AC229C /* CustomItems */,
				404872581F2E948F00AC229C /* Helpers */,
				4048725D1F2E94DC00AC229C /* Supportingfiles */,
			);
			path = Swamper;
			sourceTree = "<group>";
		};
		408C53E21F2DA2AC000E0214 /* SwamperTests */ = {
			isa = PBXGroup;
			children = (
				408C53E31F2DA2AC000E0214 /* SwamperTests.swift */,
				408C53E51F2DA2AC000E0214 /* Info.plist */,
			);
			path = SwamperTests;
			sourceTree = "<group>";
		};
		408C53ED1F2DA2AC000E0214 /* SwamperUITests */ = {
			isa = PBXGroup;
			children = (
				408C53EE1F2DA2AC000E0214 /* SwamperUITests.swift */,
				408C53F01F2DA2AC000E0214 /* Info.plist */,
			);
			path = SwamperUITests;
			sourceTree = "<group>";
		};
		7DA6A85AAF31339D8BC25E19 /* Frameworks */ = {
			isa = PBXGroup;
			children = (
				4040A0591F2E9B9200621DD5 /* RealmSwift.framework */,
				4040A0571F2E9B8F00621DD5 /* Realm.framework */,
				4040A0551F2E9B1900621DD5 /* Realm.framework */,
				4040A0531F2E9ADA00621DD5 /* Realm.framework */,
				4040A0511F2E9AD600621DD5 /* RealmSwift.framework */,
				29918A9AA7FD2017589EF95D /* Pods_Swamper.framework */,
				38C9D06272FEC9403BA77F89 /* Pods_SwamperTests.framework */,
				54FC76E6F6C521BB3995BEBF /* Pods_SwamperUITests.framework */,
			);
			name = Frameworks;
			sourceTree = "<group>";
		};
		9ED17A5DD50219C5DB562A6F /* Pods */ = {
			isa = PBXGroup;
			children = (
				504A69CDED7EE5C87B807276 /* Pods-Swamper.debug.xcconfig */,
				0988238374436FAC061E3BBC /* Pods-Swamper.release.xcconfig */,
				4995E187CFFD7DE0753ED0F4 /* Pods-SwamperTests.debug.xcconfig */,
				7917771E886ADF3EF06EBAC7 /* Pods-SwamperTests.release.xcconfig */,
				B4FFE91E81AF8E4687B5BB2D /* Pods-SwamperUITests.debug.xcconfig */,
				3C61BF620E90AAE777825E34 /* Pods-SwamperUITests.release.xcconfig */,
			);
			name = Pods;
			sourceTree = "<group>";
		};
/* End PBXGroup section */

/* Begin PBXNativeTarget section */
		408C53CA1F2DA2AC000E0214 /* Swamper */ = {
			isa = PBXNativeTarget;
			buildConfigurationList = 408C53F31F2DA2AC000E0214 /* Build configuration list for PBXNativeTarget "Swamper" */;
			buildPhases = (
				D50EDF8D09964B6147E07ADB /* [CP] Check Pods Manifest.lock */,
				408C53C71F2DA2AC000E0214 /* Sources */,
				408C53C81F2DA2AC000E0214 /* Frameworks */,
				408C53C91F2DA2AC000E0214 /* Resources */,
				F00778572FC0904289F5917F /* [CP] Embed Pods Frameworks */,
				87446D37A43B5EF5EFC4CBFE /* [CP] Copy Pods Resources */,
			);
			buildRules = (
			);
			dependencies = (
			);
			name = Swamper;
			productName = Swamper;
			productReference = 408C53CB1F2DA2AC000E0214 /* Swamper.app */;
			productType = "com.apple.product-type.application";
		};
		408C53DE1F2DA2AC000E0214 /* SwamperTests */ = {
			isa = PBXNativeTarget;
			buildConfigurationList = 408C53F61F2DA2AC000E0214 /* Build configuration list for PBXNativeTarget "SwamperTests" */;
			buildPhases = (
				39C3EBFC189691B66A87BDC3 /* [CP] Check Pods Manifest.lock */,
				408C53DB1F2DA2AC000E0214 /* Sources */,
				408C53DC1F2DA2AC000E0214 /* Frameworks */,
				408C53DD1F2DA2AC000E0214 /* Resources */,
				EFB8390AC127DCAF58621E84 /* [CP] Embed Pods Frameworks */,
				1540CBCC38214338F8BCFFC1 /* [CP] Copy Pods Resources */,
			);
			buildRules = (
			);
			dependencies = (
				408C53E11F2DA2AC000E0214 /* PBXTargetDependency */,
			);
			name = SwamperTests;
			productName = SwamperTests;
			productReference = 408C53DF1F2DA2AC000E0214 /* SwamperTests.xctest */;
			productType = "com.apple.product-type.bundle.unit-test";
		};
		408C53E91F2DA2AC000E0214 /* SwamperUITests */ = {
			isa = PBXNativeTarget;
			buildConfigurationList = 408C53F91F2DA2AC000E0214 /* Build configuration list for PBXNativeTarget "SwamperUITests" */;
			buildPhases = (
				6B18AC32C1DFC9C427FF9DC8 /* [CP] Check Pods Manifest.lock */,
				408C53E61F2DA2AC000E0214 /* Sources */,
				408C53E71F2DA2AC000E0214 /* Frameworks */,
				408C53E81F2DA2AC000E0214 /* Resources */,
				A718F6D3C1A289CA0D275B9D /* [CP] Embed Pods Frameworks */,
				9B9AE2348FC8AF16187D9438 /* [CP] Copy Pods Resources */,
			);
			buildRules = (
			);
			dependencies = (
				408C53EC1F2DA2AC000E0214 /* PBXTargetDependency */,
			);
			name = SwamperUITests;
			productName = SwamperUITests;
			productReference = 408C53EA1F2DA2AC000E0214 /* SwamperUITests.xctest */;
			productType = "com.apple.product-type.bundle.ui-testing";
		};
/* End PBXNativeTarget section */

/* Begin PBXProject section */
		408C53C31F2DA2AC000E0214 /* Project object */ = {
			isa = PBXProject;
			attributes = {
				LastSwiftUpdateCheck = 0830;
				LastUpgradeCheck = 0830;
				ORGANIZATIONNAME = com.arunsivakumar;
				TargetAttributes = {
					408C53CA1F2DA2AC000E0214 = {
						CreatedOnToolsVersion = 8.3.3;
						DevelopmentTeam = Q5S947L7K7;
						ProvisioningStyle = Automatic;
					};
					408C53DE1F2DA2AC000E0214 = {
						CreatedOnToolsVersion = 8.3.3;
						DevelopmentTeam = Q5S947L7K7;
						ProvisioningStyle = Automatic;
						TestTargetID = 408C53CA1F2DA2AC000E0214;
					};
					408C53E91F2DA2AC000E0214 = {
						CreatedOnToolsVersion = 8.3.3;
						DevelopmentTeam = Q5S947L7K7;
						ProvisioningStyle = Automatic;
						TestTargetID = 408C53CA1F2DA2AC000E0214;
					};
				};
			};
			buildConfigurationList = 408C53C61F2DA2AC000E0214 /* Build configuration list for PBXProject "Swamper" */;
			compatibilityVersion = "Xcode 3.2";
			developmentRegion = English;
			hasScannedForEncodings = 0;
			knownRegions = (
				en,
				Base,
			);
			mainGroup = 408C53C21F2DA2AC000E0214;
			productRefGroup = 408C53CC1F2DA2AC000E0214 /* Products */;
			projectDirPath = "";
			projectRoot = "";
			targets = (
				408C53CA1F2DA2AC000E0214 /* Swamper */,
				408C53DE1F2DA2AC000E0214 /* SwamperTests */,
				408C53E91F2DA2AC000E0214 /* SwamperUITests */,
			);
		};
/* End PBXProject section */

/* Begin PBXResourcesBuildPhase section */
		408C53C91F2DA2AC000E0214 /* Resources */ = {
			isa = PBXResourcesBuildPhase;
			buildActionMask = 2147483647;
			files = (
				404872601F2E94FC00AC229C /* Main.storyboard in Resources */,
				408C53D91F2DA2AC000E0214 /* LaunchScreen.storyboard in Resources */,
				408C53D61F2DA2AC000E0214 /* Assets.xcassets in Resources */,
			);
			runOnlyForDeploymentPostprocessing = 0;
		};
		408C53DD1F2DA2AC000E0214 /* Resources */ = {
			isa = PBXResourcesBuildPhase;
			buildActionMask = 2147483647;
			files = (
			);
			runOnlyForDeploymentPostprocessing = 0;
		};
		408C53E81F2DA2AC000E0214 /* Resources */ = {
			isa = PBXResourcesBuildPhase;
			buildActionMask = 2147483647;
			files = (
			);
			runOnlyForDeploymentPostprocessing = 0;
		};
/* End PBXResourcesBuildPhase section */

/* Begin PBXShellScriptBuildPhase section */
		1540CBCC38214338F8BCFFC1 /* [CP] Copy Pods Resources */ = {
			isa = PBXShellScriptBuildPhase;
			buildActionMask = 2147483647;
			files = (
			);
			inputPaths = (
			);
			name = "[CP] Copy Pods Resources";
			outputPaths = (
			);
			runOnlyForDeploymentPostprocessing = 0;
			shellPath = /bin/sh;
			shellScript = "\"${SRCROOT}/Pods/Target Support Files/Pods-SwamperTests/Pods-SwamperTests-resources.sh\"\n";
			showEnvVarsInLog = 0;
		};
		39C3EBFC189691B66A87BDC3 /* [CP] Check Pods Manifest.lock */ = {
			isa = PBXShellScriptBuildPhase;
			buildActionMask = 2147483647;
			files = (
			);
			inputPaths = (
			);
			name = "[CP] Check Pods Manifest.lock";
			outputPaths = (
			);
			runOnlyForDeploymentPostprocessing = 0;
			shellPath = /bin/sh;
			shellScript = "diff \"${PODS_ROOT}/../Podfile.lock\" \"${PODS_ROOT}/Manifest.lock\" > /dev/null\nif [ $? != 0 ] ; then\n    # print error to STDERR\n    echo \"error: The sandbox is not in sync with the Podfile.lock. Run 'pod install' or update your CocoaPods installation.\" >&2\n    exit 1\nfi\n";
			showEnvVarsInLog = 0;
		};
		6B18AC32C1DFC9C427FF9DC8 /* [CP] Check Pods Manifest.lock */ = {
			isa = PBXShellScriptBuildPhase;
			buildActionMask = 2147483647;
			files = (
			);
			inputPaths = (
			);
			name = "[CP] Check Pods Manifest.lock";
			outputPaths = (
			);
			runOnlyForDeploymentPostprocessing = 0;
			shellPath = /bin/sh;
			shellScript = "diff \"${PODS_ROOT}/../Podfile.lock\" \"${PODS_ROOT}/Manifest.lock\" > /dev/null\nif [ $? != 0 ] ; then\n    # print error to STDERR\n    echo \"error: The sandbox is not in sync with the Podfile.lock. Run 'pod install' or update your CocoaPods installation.\" >&2\n    exit 1\nfi\n";
			showEnvVarsInLog = 0;
		};
		87446D37A43B5EF5EFC4CBFE /* [CP] Copy Pods Resources */ = {
			isa = PBXShellScriptBuildPhase;
			buildActionMask = 2147483647;
			files = (
			);
			inputPaths = (
			);
			name = "[CP] Copy Pods Resources";
			outputPaths = (
			);
			runOnlyForDeploymentPostprocessing = 0;
			shellPath = /bin/sh;
			shellScript = "\"${SRCROOT}/Pods/Target Support Files/Pods-Swamper/Pods-Swamper-resources.sh\"\n";
			showEnvVarsInLog = 0;
		};
		9B9AE2348FC8AF16187D9438 /* [CP] Copy Pods Resources */ = {
			isa = PBXShellScriptBuildPhase;
			buildActionMask = 2147483647;
			files = (
			);
			inputPaths = (
			);
			name = "[CP] Copy Pods Resources";
			outputPaths = (
			);
			runOnlyForDeploymentPostprocessing = 0;
			shellPath = /bin/sh;
			shellScript = "\"${SRCROOT}/Pods/Target Support Files/Pods-SwamperUITests/Pods-SwamperUITests-resources.sh\"\n";
			showEnvVarsInLog = 0;
		};
		A718F6D3C1A289CA0D275B9D /* [CP] Embed Pods Frameworks */ = {
			isa = PBXShellScriptBuildPhase;
			buildActionMask = 2147483647;
			files = (
			);
			inputPaths = (
			);
			name = "[CP] Embed Pods Frameworks";
			outputPaths = (
			);
			runOnlyForDeploymentPostprocessing = 0;
			shellPath = /bin/sh;
			shellScript = "\"${SRCROOT}/Pods/Target Support Files/Pods-SwamperUITests/Pods-SwamperUITests-frameworks.sh\"\n";
			showEnvVarsInLog = 0;
		};
		D50EDF8D09964B6147E07ADB /* [CP] Check Pods Manifest.lock */ = {
			isa = PBXShellScriptBuildPhase;
			buildActionMask = 2147483647;
			files = (
			);
			inputPaths = (
			);
			name = "[CP] Check Pods Manifest.lock";
			outputPaths = (
			);
			runOnlyForDeploymentPostprocessing = 0;
			shellPath = /bin/sh;
			shellScript = "diff \"${PODS_ROOT}/../Podfile.lock\" \"${PODS_ROOT}/Manifest.lock\" > /dev/null\nif [ $? != 0 ] ; then\n    # print error to STDERR\n    echo \"error: The sandbox is not in sync with the Podfile.lock. Run 'pod install' or update your CocoaPods installation.\" >&2\n    exit 1\nfi\n";
			showEnvVarsInLog = 0;
		};
		EFB8390AC127DCAF58621E84 /* [CP] Embed Pods Frameworks */ = {
			isa = PBXShellScriptBuildPhase;
			buildActionMask = 2147483647;
			files = (
			);
			inputPaths = (
			);
			name = "[CP] Embed Pods Frameworks";
			outputPaths = (
			);
			runOnlyForDeploymentPostprocessing = 0;
			shellPath = /bin/sh;
			shellScript = "\"${SRCROOT}/Pods/Target Support Files/Pods-SwamperTests/Pods-SwamperTests-frameworks.sh\"\n";
			showEnvVarsInLog = 0;
		};
		F00778572FC0904289F5917F /* [CP] Embed Pods Frameworks */ = {
			isa = PBXShellScriptBuildPhase;
			buildActionMask = 2147483647;
			files = (
			);
			inputPaths = (
			);
			name = "[CP] Embed Pods Frameworks";
			outputPaths = (
			);
			runOnlyForDeploymentPostprocessing = 0;
			shellPath = /bin/sh;
			shellScript = "\"${SRCROOT}/Pods/Target Support Files/Pods-Swamper/Pods-Swamper-frameworks.sh\"\n";
			showEnvVarsInLog = 0;
		};
/* End PBXShellScriptBuildPhase section */

/* Begin PBXSourcesBuildPhase section */
		408C53C71F2DA2AC000E0214 /* Sources */ = {
			isa = PBXSourcesBuildPhase;
			buildActionMask = 2147483647;
			files = (
				407D17CB1F2EADF600B3BAAE /* PhotoCell.swift in Sources */,
				407D17C11F2EA3DD00B3BAAE /* NoteStore.swift in Sources */,
				4040A0501F2E9AAF00621DD5 /* Note.swift in Sources */,
				407D17BB1F2E9C2300B3BAAE /* RealmHelper.swift in Sources */,
				407D17C51F2EAB7800B3BAAE /* PhotoTakingHelper.swift in Sources */,
				4048725B1F2E948F00AC229C /* EntityButton.swift in Sources */,
				407D17BD1F2E9CA600B3BAAE /* NotesViewController.swift in Sources */,
				407D17C91F2EAD6100B3BAAE /* Photo.swift in Sources */,
				408C53CF1F2DA2AC000E0214 /* AppDelegate.swift in Sources */,
				407D17C31F2EA48B00B3BAAE /* AddNotesViewController.swift in Sources */,
				404872641F2E953600AC229C /* HomeViewController.swift in Sources */,
				407D17C71F2EAC3600B3BAAE /* PhotosViewController.swift in Sources */,
				4048725C1F2E948F00AC229C /* EntityView.swift in Sources */,
				407D17BF1F2E9E9D00B3BAAE /* NotesCell.swift in Sources */,
			);
			runOnlyForDeploymentPostprocessing = 0;
		};
		408C53DB1F2DA2AC000E0214 /* Sources */ = {
			isa = PBXSourcesBuildPhase;
			buildActionMask = 2147483647;
			files = (
				408C53E41F2DA2AC000E0214 /* SwamperTests.swift in Sources */,
			);
			runOnlyForDeploymentPostprocessing = 0;
		};
		408C53E61F2DA2AC000E0214 /* Sources */ = {
			isa = PBXSourcesBuildPhase;
			buildActionMask = 2147483647;
			files = (
				408C53EF1F2DA2AC000E0214 /* SwamperUITests.swift in Sources */,
			);
			runOnlyForDeploymentPostprocessing = 0;
		};
/* End PBXSourcesBuildPhase section */

/* Begin PBXTargetDependency section */
		408C53E11F2DA2AC000E0214 /* PBXTargetDependency */ = {
			isa = PBXTargetDependency;
			target = 408C53CA1F2DA2AC000E0214 /* Swamper */;
			targetProxy = 408C53E01F2DA2AC000E0214 /* PBXContainerItemProxy */;
		};
		408C53EC1F2DA2AC000E0214 /* PBXTargetDependency */ = {
			isa = PBXTargetDependency;
			target = 408C53CA1F2DA2AC000E0214 /* Swamper */;
			targetProxy = 408C53EB1F2DA2AC000E0214 /* PBXContainerItemProxy */;
		};
/* End PBXTargetDependency section */

/* Begin PBXVariantGroup section */
		408C53D71F2DA2AC000E0214 /* LaunchScreen.storyboard */ = {
			isa = PBXVariantGroup;
			children = (
				408C53D81F2DA2AC000E0214 /* Base */,
			);
			name = LaunchScreen.storyboard;
			sourceTree = "<group>";
		};
/* End PBXVariantGroup section */

/* Begin XCBuildConfiguration section */
		408C53F11F2DA2AC000E0214 /* Debug */ = {
			isa = XCBuildConfiguration;
			buildSettings = {
				ALWAYS_SEARCH_USER_PATHS = NO;
				CLANG_ANALYZER_NONNULL = YES;
				CLANG_ANALYZER_NUMBER_OBJECT_CONVERSION = YES_AGGRESSIVE;
				CLANG_CXX_LANGUAGE_STANDARD = "gnu++0x";
				CLANG_CXX_LIBRARY = "libc++";
				CLANG_ENABLE_MODULES = YES;
				CLANG_ENABLE_OBJC_ARC = YES;
				CLANG_WARN_BOOL_CONVERSION = YES;
				CLANG_WARN_CONSTANT_CONVERSION = YES;
				CLANG_WARN_DIRECT_OBJC_ISA_USAGE = YES_ERROR;
				CLANG_WARN_DOCUMENTATION_COMMENTS = YES;
				CLANG_WARN_EMPTY_BODY = YES;
				CLANG_WARN_ENUM_CONVERSION = YES;
				CLANG_WARN_INFINITE_RECURSION = YES;
				CLANG_WARN_INT_CONVERSION = YES;
				CLANG_WARN_OBJC_ROOT_CLASS = YES_ERROR;
				CLANG_WARN_SUSPICIOUS_MOVE = YES;
				CLANG_WARN_UNREACHABLE_CODE = YES;
				CLANG_WARN__DUPLICATE_METHOD_MATCH = YES;
				"CODE_SIGN_IDENTITY[sdk=iphoneos*]" = "iPhone Developer";
				COPY_PHASE_STRIP = NO;
				DEBUG_INFORMATION_FORMAT = dwarf;
				ENABLE_STRICT_OBJC_MSGSEND = YES;
				ENABLE_TESTABILITY = YES;
				GCC_C_LANGUAGE_STANDARD = gnu99;
				GCC_DYNAMIC_NO_PIC = NO;
				GCC_NO_COMMON_BLOCKS = YES;
				GCC_OPTIMIZATION_LEVEL = 0;
				GCC_PREPROCESSOR_DEFINITIONS = (
					"DEBUG=1",
					"$(inherited)",
				);
				GCC_WARN_64_TO_32_BIT_CONVERSION = YES;
				GCC_WARN_ABOUT_RETURN_TYPE = YES_ERROR;
				GCC_WARN_UNDECLARED_SELECTOR = YES;
				GCC_WARN_UNINITIALIZED_AUTOS = YES_AGGRESSIVE;
				GCC_WARN_UNUSED_FUNCTION = YES;
				GCC_WARN_UNUSED_VARIABLE = YES;
				IPHONEOS_DEPLOYMENT_TARGET = 10.3;
				MTL_ENABLE_DEBUG_INFO = YES;
				ONLY_ACTIVE_ARCH = YES;
				SDKROOT = iphoneos;
				SWIFT_ACTIVE_COMPILATION_CONDITIONS = DEBUG;
				SWIFT_OPTIMIZATION_LEVEL = "-Onone";
			};
			name = Debug;
		};
		408C53F21F2DA2AC000E0214 /* Release */ = {
			isa = XCBuildConfiguration;
			buildSettings = {
				ALWAYS_SEARCH_USER_PATHS = NO;
				CLANG_ANALYZER_NONNULL = YES;
				CLANG_ANALYZER_NUMBER_OBJECT_CONVERSION = YES_AGGRESSIVE;
				CLANG_CXX_LANGUAGE_STANDARD = "gnu++0x";
				CLANG_CXX_LIBRARY = "libc++";
				CLANG_ENABLE_MODULES = YES;
				CLANG_ENABLE_OBJC_ARC = YES;
				CLANG_WARN_BOOL_CONVERSION = YES;
				CLANG_WARN_CONSTANT_CONVERSION = YES;
				CLANG_WARN_DIRECT_OBJC_ISA_USAGE = YES_ERROR;
				CLANG_WARN_DOCUMENTATION_COMMENTS = YES;
				CLANG_WARN_EMPTY_BODY = YES;
				CLANG_WARN_ENUM_CONVERSION = YES;
				CLANG_WARN_INFINITE_RECURSION = YES;
				CLANG_WARN_INT_CONVERSION = YES;
				CLANG_WARN_OBJC_ROOT_CLASS = YES_ERROR;
				CLANG_WARN_SUSPICIOUS_MOVE = YES;
				CLANG_WARN_UNREACHABLE_CODE = YES;
				CLANG_WARN__DUPLICATE_METHOD_MATCH = YES;
				"CODE_SIGN_IDENTITY[sdk=iphoneos*]" = "iPhone Developer";
				COPY_PHASE_STRIP = NO;
				DEBUG_INFORMATION_FORMAT = "dwarf-with-dsym";
				ENABLE_NS_ASSERTIONS = NO;
				ENABLE_STRICT_OBJC_MSGSEND = YES;
				GCC_C_LANGUAGE_STANDARD = gnu99;
				GCC_NO_COMMON_BLOCKS = YES;
				GCC_WARN_64_TO_32_BIT_CONVERSION = YES;
				GCC_WARN_ABOUT_RETURN_TYPE = YES_ERROR;
				GCC_WARN_UNDECLARED_SELECTOR = YES;
				GCC_WARN_UNINITIALIZED_AUTOS = YES_AGGRESSIVE;
				GCC_WARN_UNUSED_FUNCTION = YES;
				GCC_WARN_UNUSED_VARIABLE = YES;
				IPHONEOS_DEPLOYMENT_TARGET = 10.3;
				MTL_ENABLE_DEBUG_INFO = NO;
				SDKROOT = iphoneos;
				SWIFT_OPTIMIZATION_LEVEL = "-Owholemodule";
				VALIDATE_PRODUCT = YES;
			};
			name = Release;
		};
		408C53F41F2DA2AC000E0214 /* Debug */ = {
			isa = XCBuildConfiguration;
			baseConfigurationReference = 504A69CDED7EE5C87B807276 /* Pods-Swamper.debug.xcconfig */;
			buildSettings = {
				ASSETCATALOG_COMPILER_APPICON_NAME = AppIcon;
				DEVELOPMENT_TEAM = Q5S947L7K7;
				FRAMEWORK_SEARCH_PATHS = (
					"$(inherited)",
					"$(PROJECT_DIR)/build/Debug-iphoneos/RealmSwift",
					"$(PROJECT_DIR)/build/Debug-iphoneos/Realm",
				);
				INFOPLIST_FILE = Swamper/Info.plist;
				LD_RUNPATH_SEARCH_PATHS = "$(inherited) @executable_path/Frameworks";
				PRODUCT_BUNDLE_IDENTIFIER = com.arunsivakumar.Swamper;
				PRODUCT_NAME = "$(TARGET_NAME)";
				SWIFT_VERSION = 3.0;
			};
			name = Debug;
		};
		408C53F51F2DA2AC000E0214 /* Release */ = {
			isa = XCBuildConfiguration;
			baseConfigurationReference = 0988238374436FAC061E3BBC /* Pods-Swamper.release.xcconfig */;
			buildSettings = {
				ASSETCATALOG_COMPILER_APPICON_NAME = AppIcon;
				DEVELOPMENT_TEAM = Q5S947L7K7;
				FRAMEWORK_SEARCH_PATHS = (
					"$(inherited)",
					"$(PROJECT_DIR)/build/Debug-iphoneos/RealmSwift",
					"$(PROJECT_DIR)/build/Debug-iphoneos/Realm",
				);
				INFOPLIST_FILE = Swamper/Info.plist;
				LD_RUNPATH_SEARCH_PATHS = "$(inherited) @executable_path/Frameworks";
				PRODUCT_BUNDLE_IDENTIFIER = com.arunsivakumar.Swamper;
				PRODUCT_NAME = "$(TARGET_NAME)";
				SWIFT_VERSION = 3.0;
			};
			name = Release;
		};
		408C53F71F2DA2AC000E0214 /* Debug */ = {
			isa = XCBuildConfiguration;
			baseConfigurationReference = 4995E187CFFD7DE0753ED0F4 /* Pods-SwamperTests.debug.xcconfig */;
			buildSettings = {
				ALWAYS_EMBED_SWIFT_STANDARD_LIBRARIES = YES;
				BUNDLE_LOADER = "$(TEST_HOST)";
				DEVELOPMENT_TEAM = Q5S947L7K7;
				INFOPLIST_FILE = SwamperTests/Info.plist;
				LD_RUNPATH_SEARCH_PATHS = "$(inherited) @executable_path/Frameworks @loader_path/Frameworks";
				PRODUCT_BUNDLE_IDENTIFIER = com.arunsivakumar.SwamperTests;
				PRODUCT_NAME = "$(TARGET_NAME)";
				SWIFT_VERSION = 3.0;
				TEST_HOST = "$(BUILT_PRODUCTS_DIR)/Swamper.app/Swamper";
			};
			name = Debug;
		};
		408C53F81F2DA2AC000E0214 /* Release */ = {
			isa = XCBuildConfiguration;
			baseConfigurationReference = 7917771E886ADF3EF06EBAC7 /* Pods-SwamperTests.release.xcconfig */;
			buildSettings = {
				ALWAYS_EMBED_SWIFT_STANDARD_LIBRARIES = YES;
				BUNDLE_LOADER = "$(TEST_HOST)";
				DEVELOPMENT_TEAM = Q5S947L7K7;
				INFOPLIST_FILE = SwamperTests/Info.plist;
				LD_RUNPATH_SEARCH_PATHS = "$(inherited) @executable_path/Frameworks @loader_path/Frameworks";
				PRODUCT_BUNDLE_IDENTIFIER = com.arunsivakumar.SwamperTests;
				PRODUCT_NAME = "$(TARGET_NAME)";
				SWIFT_VERSION = 3.0;
				TEST_HOST = "$(BUILT_PRODUCTS_DIR)/Swamper.app/Swamper";
			};
			name = Release;
		};
		408C53FA1F2DA2AC000E0214 /* Debug */ = {
			isa = XCBuildConfiguration;
			baseConfigurationReference = B4FFE91E81AF8E4687B5BB2D /* Pods-SwamperUITests.debug.xcconfig */;
			buildSettings = {
				ALWAYS_EMBED_SWIFT_STANDARD_LIBRARIES = YES;
				DEVELOPMENT_TEAM = Q5S947L7K7;
				INFOPLIST_FILE = SwamperUITests/Info.plist;
				LD_RUNPATH_SEARCH_PATHS = "$(inherited) @executable_path/Frameworks @loader_path/Frameworks";
				PRODUCT_BUNDLE_IDENTIFIER = com.arunsivakumar.SwamperUITests;
				PRODUCT_NAME = "$(TARGET_NAME)";
				SWIFT_VERSION = 3.0;
				TEST_TARGET_NAME = Swamper;
			};
			name = Debug;
		};
		408C53FB1F2DA2AC000E0214 /* Release */ = {
			isa = XCBuildConfiguration;
			baseConfigurationReference = 3C61BF620E90AAE777825E34 /* Pods-SwamperUITests.release.xcconfig */;
			buildSettings = {
				ALWAYS_EMBED_SWIFT_STANDARD_LIBRARIES = YES;
				DEVELOPMENT_TEAM = Q5S947L7K7;
				INFOPLIST_FILE = SwamperUITests/Info.plist;
				LD_RUNPATH_SEARCH_PATHS = "$(inherited) @executable_path/Frameworks @loader_path/Frameworks";
				PRODUCT_BUNDLE_IDENTIFIER = com.arunsivakumar.SwamperUITests;
				PRODUCT_NAME = "$(TARGET_NAME)";
				SWIFT_VERSION = 3.0;
				TEST_TARGET_NAME = Swamper;
			};
			name = Release;
		};
/* End XCBuildConfiguration section */

/* Begin XCConfigurationList section */
		408C53C61F2DA2AC000E0214 /* Build configuration list for PBXProject "Swamper" */ = {
			isa = XCConfigurationList;
			buildConfigurations = (
				408C53F11F2DA2AC000E0214 /* Debug */,
				408C53F21F2DA2AC000E0214 /* Release */,
			);
			defaultConfigurationIsVisible = 0;
			defaultConfigurationName = Release;
		};
		408C53F31F2DA2AC000E0214 /* Build configuration list for PBXNativeTarget "Swamper" */ = {
			isa = XCConfigurationList;
			buildConfigurations = (
				408C53F41F2DA2AC000E0214 /* Debug */,
				408C53F51F2DA2AC000E0214 /* Release */,
			);
			defaultConfigurationIsVisible = 0;
			defaultConfigurationName = Release;
		};
		408C53F61F2DA2AC000E0214 /* Build configuration list for PBXNativeTarget "SwamperTests" */ = {
			isa = XCConfigurationList;
			buildConfigurations = (
				408C53F71F2DA2AC000E0214 /* Debug */,
				408C53F81F2DA2AC000E0214 /* Release */,
			);
			defaultConfigurationIsVisible = 0;
			defaultConfigurationName = Release;
		};
		408C53F91F2DA2AC000E0214 /* Build configuration list for PBXNativeTarget "SwamperUITests" */ = {
			isa = XCConfigurationList;
			buildConfigurations = (
				408C53FA1F2DA2AC000E0214 /* Debug */,
				408C53FB1F2DA2AC000E0214 /* Release */,
			);
			defaultConfigurationIsVisible = 0;
			defaultConfigurationName = Release;
		};
/* End XCConfigurationList section */
	};
	rootObject = 408C53C31F2DA2AC000E0214 /* Project object */;
}
